
Microsoft Visual Studio Solution File, Format Version 12.00
# Visual Studio Version 16
VisualStudioVersion = 16.0.31105.61
MinimumVisualStudioVersion = 10.0.40219.1
Project("{8BC9CEB8-8B4A-11D0-8D11-00A0C91BC942}") = "hw8", "hw8\hw8.vcxproj", "{E605CCFA-D277-4E2D-AC9F-678ABC33E8BF}"
EndProject
Global
	GlobalSection(SolutionConfigurationPlatforms) = preSolution
		Debug|x64 = Debug|x64
		Debug|x86 = Debug|x86
		Release|x64 = Release|x64
		Release|x86 = Release|x86
	EndGlobalSection
	GlobalSection(ProjectConfigurationPlatforms) = postSolution
		{E605CCFA-D277-4E2D-AC9F-678ABC33E8BF}.Debug|x64.ActiveCfg = Debug|x64
		{E605CCFA-D277-4E2D-AC9F-678ABC33E8BF}.Debug|x64.Build.0 = Debug|x64
		{E605CCFA-D277-4E2D-AC9F-678ABC33E8BF}.Debug|x86.ActiveCfg = Debug|Win32
		{E605CCFA-D277-4E2D-AC9F-678ABC33E8BF}.Debug|x86.Build.0 = Debug|Win32
		{E605CCFA-D277-4E2D-AC9F-678ABC33E8BF}.Release|x64.ActiveCfg = Release|x64
		{E605CCFA-D277-4E2D-AC9F-678ABC33E8BF}.Release|x64.Build.0 = Release|x64
		{E605CCFA-D277-4E2D-AC9F-678ABC33E8BF}.Release|x86.ActiveCfg = Release|Win32
		{E605CCFA-D277-4E2D-AC9F-678ABC33E8BF}.Release|x86.Build.0 = Release|Win32
	EndGlobalSection
	GlobalSection(SolutionProperties) = preSolution
		HideSolutionNode = FALSE
	EndGlobalSection
	GlobalSection(ExtensibilityGlobals) = postSolution
		SolutionGuid = {4CD68ABE-0D1E-47FE-83A8-2FCF981249CE}
	EndGlobalSection
EndGlobal
